
Microsoft Visual Studio Solution File, Format Version 12.00
# Visual Studio 15
VisualStudioVersion = 15.0.27130.2036
MinimumVisualStudioVersion = 10.0.40219.1
Project("{8BC9CEB8-8B4A-11D0-8D11-00A0C91BC942}") = "BCS 230 Lab 05 Task 03", "..\BCS 230 Lab 05 Task 01\BCS 230 Lab 05 Task 03\BCS 230 Lab 05 Task 03.vcxproj", "{A3C12666-59D6-428A-AF56-29081B5D133C}"
EndProject
Global
	GlobalSection(SolutionConfigurationPlatforms) = preSolution
		Debug|x64 = Debug|x64
		Debug|x86 = Debug|x86
		Release|x64 = Release|x64
		Release|x86 = Release|x86
	EndGlobalSection
	GlobalSection(ProjectConfigurationPlatforms) = postSolution
		{A3C12666-59D6-428A-AF56-29081B5D133C}.Debug|x64.ActiveCfg = Debug|x64
		{A3C12666-59D6-428A-AF56-29081B5D133C}.Debug|x64.Build.0 = Debug|x64
		{A3C12666-59D6-428A-AF56-29081B5D133C}.Debug|x86.ActiveCfg = Debug|Win32
		{A3C12666-59D6-428A-AF56-29081B5D133C}.Debug|x86.Build.0 = Debug|Win32
		{A3C12666-59D6-428A-AF56-29081B5D133C}.Release|x64.ActiveCfg = Release|x64
		{A3C12666-59D6-428A-AF56-29081B5D133C}.Release|x64.Build.0 = Release|x64
		{A3C12666-59D6-428A-AF56-29081B5D133C}.Release|x86.ActiveCfg = Release|Win32
		{A3C12666-59D6-428A-AF56-29081B5D133C}.Release|x86.Build.0 = Release|Win32
	EndGlobalSection
	GlobalSection(SolutionProperties) = preSolution
		HideSolutionNode = FALSE
	EndGlobalSection
	GlobalSection(ExtensibilityGlobals) = postSolution
		SolutionGuid = {D257B448-5EC0-4D22-B20F-2F4D4FC2FFC2}
	EndGlobalSection
EndGlobal
